// !$*UTF8*$!
{
	archiveVersion = 1;
	classes = {
	};
	objectVersion = 54;
	objects = {

/* Begin PBXBuildFile section */
		607FACD61AFB9204008FA782 /* AppDelegate.swift in Sources */ = {isa = PBXBuildFile; fileRef = 607FACD51AFB9204008FA782 /* AppDelegate.swift */; };
		607FACD81AFB9204008FA782 /* ViewController.swift in Sources */ = {isa = PBXBuildFile; fileRef = 607FACD71AFB9204008FA782 /* ViewController.swift */; };
		607FACDD1AFB9204008FA782 /* Images.xcassets in Resources */ = {isa = PBXBuildFile; fileRef = 607FACDC1AFB9204008FA782 /* Images.xcassets */; };
		FB19D05E2C0E6C2C00F81315 /* StoragePolicyTests.swift in Sources */ = {isa = PBXBuildFile; fileRef = FB19D05C2C0E6C2C00F81315 /* StoragePolicyTests.swift */; };
		FB19D05F2C0E6C2C00F81315 /* PrinterTests.swift in Sources */ = {isa = PBXBuildFile; fileRef = FB19D05D2C0E6C2C00F81315 /* PrinterTests.swift */; };
		FB1A3D642C3693A200B7AF21 /* SomeLongRunningTask.swift in Sources */ = {isa = PBXBuildFile; fileRef = FB1A3D632C3693A200B7AF21 /* SomeLongRunningTask.swift */; };
		FB1A3D652C3693A200B7AF21 /* DependentTask.swift in Sources */ = {isa = PBXBuildFile; fileRef = FB1A3D612C3693A200B7AF21 /* DependentTask.swift */; };
		FB1A3D662C3693A200B7AF21 /* SyncTask.swift in Sources */ = {isa = PBXBuildFile; fileRef = FB1A3D622C3693A200B7AF21 /* SyncTask.swift */; };
		FBE5AACA29A3C228002AC234 /* ExampleAppServices.swift in Sources */ = {isa = PBXBuildFile; fileRef = FBE5AAC929A3C228002AC234 /* ExampleAppServices.swift */; };
		FBE5AAD429A3C269002AC234 /* WindowSetupTask.swift in Sources */ = {isa = PBXBuildFile; fileRef = FBE5AACD29A3C269002AC234 /* WindowSetupTask.swift */; };
		FBE5AAD629A3C26A002AC234 /* OnboardingTask.swift in Sources */ = {isa = PBXBuildFile; fileRef = FBE5AACF29A3C269002AC234 /* OnboardingTask.swift */; };
		FBE5AAD729A3C26A002AC234 /* PermissionTask.swift in Sources */ = {isa = PBXBuildFile; fileRef = FBE5AAD029A3C269002AC234 /* PermissionTask.swift */; };
		FBE5AAD829A3C26A002AC234 /* MainUISetupTask.swift in Sources */ = {isa = PBXBuildFile; fileRef = FBE5AAD129A3C269002AC234 /* MainUISetupTask.swift */; };
		FBE5AADD29A3C287002AC234 /* OnboardingScreen.swift in Sources */ = {isa = PBXBuildFile; fileRef = FBE5AADB29A3C287002AC234 /* OnboardingScreen.swift */; };
		FBE5AADE29A3C287002AC234 /* PrinterView.swift in Sources */ = {isa = PBXBuildFile; fileRef = FBE5AADC29A3C287002AC234 /* PrinterView.swift */; };
		FBE5AAE029A3C4DC002AC234 /* SceneDelegate.swift in Sources */ = {isa = PBXBuildFile; fileRef = FBE5AADF29A3C4DC002AC234 /* SceneDelegate.swift */; };
		FBE5AAE629A4BBA1002AC234 /* Additions in Frameworks */ = {isa = PBXBuildFile; productRef = FBE5AAE529A4BBA1002AC234 /* Additions */; };
/* End PBXBuildFile section */

/* Begin PBXContainerItemProxy section */
		FBE5AAEF29A4BE97002AC234 /* PBXContainerItemProxy */ = {
			isa = PBXContainerItemProxy;
			containerPortal = 607FACC81AFB9204008FA782 /* Project object */;
			proxyType = 1;
			remoteGlobalIDString = 607FACCF1AFB9204008FA782;
			remoteInfo = SwiftAdditions_Example;
		};
/* End PBXContainerItemProxy section */

/* Begin PBXFileReference section */
		4FBE22E96276CC982359605F /* Pods_SwiftAdditions_Example.framework */ = {isa = PBXFileReference; explicitFileType = wrapper.framework; includeInIndex = 0; path = Pods_SwiftAdditions_Example.framework; sourceTree = BUILT_PRODUCTS_DIR; };
		607FACD01AFB9204008FA782 /* SwiftAdditions_Example.app */ = {isa = PBXFileReference; explicitFileType = wrapper.application; includeInIndex = 0; path = SwiftAdditions_Example.app; sourceTree = BUILT_PRODUCTS_DIR; };
		607FACD41AFB9204008FA782 /* Info.plist */ = {isa = PBXFileReference; lastKnownFileType = text.plist.xml; path = Info.plist; sourceTree = "<group>"; };
		607FACD51AFB9204008FA782 /* AppDelegate.swift */ = {isa = PBXFileReference; lastKnownFileType = sourcecode.swift; path = AppDelegate.swift; sourceTree = "<group>"; };
		607FACD71AFB9204008FA782 /* ViewController.swift */ = {isa = PBXFileReference; lastKnownFileType = sourcecode.swift; path = ViewController.swift; sourceTree = "<group>"; };
		607FACDC1AFB9204008FA782 /* Images.xcassets */ = {isa = PBXFileReference; lastKnownFileType = folder.assetcatalog; path = Images.xcassets; sourceTree = "<group>"; };
		B74C47468BA71D4FC79CA52B /* Pods_SwiftAdditions_Tests.framework */ = {isa = PBXFileReference; explicitFileType = wrapper.framework; includeInIndex = 0; path = Pods_SwiftAdditions_Tests.framework; sourceTree = BUILT_PRODUCTS_DIR; };
		FB19D05C2C0E6C2C00F81315 /* StoragePolicyTests.swift */ = {isa = PBXFileReference; fileEncoding = 4; lastKnownFileType = sourcecode.swift; path = StoragePolicyTests.swift; sourceTree = "<group>"; };
		FB19D05D2C0E6C2C00F81315 /* PrinterTests.swift */ = {isa = PBXFileReference; fileEncoding = 4; lastKnownFileType = sourcecode.swift; path = PrinterTests.swift; sourceTree = "<group>"; };
		FB1A3D612C3693A200B7AF21 /* DependentTask.swift */ = {isa = PBXFileReference; lastKnownFileType = sourcecode.swift; path = DependentTask.swift; sourceTree = "<group>"; };
		FB1A3D622C3693A200B7AF21 /* SyncTask.swift */ = {isa = PBXFileReference; lastKnownFileType = sourcecode.swift; path = SyncTask.swift; sourceTree = "<group>"; };
		FB1A3D632C3693A200B7AF21 /* SomeLongRunningTask.swift */ = {isa = PBXFileReference; lastKnownFileType = sourcecode.swift; path = SomeLongRunningTask.swift; sourceTree = "<group>"; };
		FBE5AAC929A3C228002AC234 /* ExampleAppServices.swift */ = {isa = PBXFileReference; lastKnownFileType = sourcecode.swift; path = ExampleAppServices.swift; sourceTree = "<group>"; };
		FBE5AACD29A3C269002AC234 /* WindowSetupTask.swift */ = {isa = PBXFileReference; fileEncoding = 4; lastKnownFileType = sourcecode.swift; path = WindowSetupTask.swift; sourceTree = "<group>"; };
		FBE5AACF29A3C269002AC234 /* OnboardingTask.swift */ = {isa = PBXFileReference; fileEncoding = 4; lastKnownFileType = sourcecode.swift; path = OnboardingTask.swift; sourceTree = "<group>"; };
		FBE5AAD029A3C269002AC234 /* PermissionTask.swift */ = {isa = PBXFileReference; fileEncoding = 4; lastKnownFileType = sourcecode.swift; path = PermissionTask.swift; sourceTree = "<group>"; };
		FBE5AAD129A3C269002AC234 /* MainUISetupTask.swift */ = {isa = PBXFileReference; fileEncoding = 4; lastKnownFileType = sourcecode.swift; path = MainUISetupTask.swift; sourceTree = "<group>"; };
		FBE5AADB29A3C287002AC234 /* OnboardingScreen.swift */ = {isa = PBXFileReference; fileEncoding = 4; lastKnownFileType = sourcecode.swift; path = OnboardingScreen.swift; sourceTree = "<group>"; };
		FBE5AADC29A3C287002AC234 /* PrinterView.swift */ = {isa = PBXFileReference; fileEncoding = 4; lastKnownFileType = sourcecode.swift; path = PrinterView.swift; sourceTree = "<group>"; };
		FBE5AADF29A3C4DC002AC234 /* SceneDelegate.swift */ = {isa = PBXFileReference; lastKnownFileType = sourcecode.swift; path = SceneDelegate.swift; sourceTree = "<group>"; };
		FBE5AAEB29A4BE97002AC234 /* SwiftAdditions_ExampleTests.xctest */ = {isa = PBXFileReference; explicitFileType = wrapper.cfbundle; includeInIndex = 0; path = SwiftAdditions_ExampleTests.xctest; sourceTree = BUILT_PRODUCTS_DIR; };
		FBE5AB4C29A4CAF5002AC234 /* SwiftAdditions */ = {isa = PBXFileReference; lastKnownFileType = wrapper; name = SwiftAdditions; path = ..; sourceTree = "<group>"; };
/* End PBXFileReference section */

/* Begin PBXFrameworksBuildPhase section */
		607FACCD1AFB9204008FA782 /* Frameworks */ = {
			isa = PBXFrameworksBuildPhase;
			buildActionMask = 2147483647;
			files = (
				FBE5AAE629A4BBA1002AC234 /* Additions in Frameworks */,
			);
			runOnlyForDeploymentPostprocessing = 0;
		};
		FBE5AAE829A4BE97002AC234 /* Frameworks */ = {
			isa = PBXFrameworksBuildPhase;
			buildActionMask = 2147483647;
			files = (
			);
			runOnlyForDeploymentPostprocessing = 0;
		};
/* End PBXFrameworksBuildPhase section */

/* Begin PBXGroup section */
		607FACC71AFB9204008FA782 = {
			isa = PBXGroup;
			children = (
				FBE5AB4B29A4CAF5002AC234 /* Packages */,
				607FACD21AFB9204008FA782 /* Example for SwiftAdditions */,
				FBE5AAEC29A4BE97002AC234 /* SwiftAdditions_ExampleTests */,
				607FACD11AFB9204008FA782 /* Products */,
				BE0DBDA585C11D4D85A69730 /* Frameworks */,
			);
			sourceTree = "<group>";
		};
		607FACD11AFB9204008FA782 /* Products */ = {
			isa = PBXGroup;
			children = (
				607FACD01AFB9204008FA782 /* SwiftAdditions_Example.app */,
				FBE5AAEB29A4BE97002AC234 /* SwiftAdditions_ExampleTests.xctest */,
			);
			name = Products;
			sourceTree = "<group>";
		};
		607FACD21AFB9204008FA782 /* Example for SwiftAdditions */ = {
			isa = PBXGroup;
			children = (
				607FACD51AFB9204008FA782 /* AppDelegate.swift */,
				FBE5AADF29A3C4DC002AC234 /* SceneDelegate.swift */,
				607FACD71AFB9204008FA782 /* ViewController.swift */,
				FBE5AAC929A3C228002AC234 /* ExampleAppServices.swift */,
				FBE5AADB29A3C287002AC234 /* OnboardingScreen.swift */,
				FBE5AADC29A3C287002AC234 /* PrinterView.swift */,
				FBE5AACC29A3C269002AC234 /* Tasks */,
				607FACDC1AFB9204008FA782 /* Images.xcassets */,
				607FACD31AFB9204008FA782 /* Supporting Files */,
			);
			name = "Example for SwiftAdditions";
			path = SwiftAdditions;
			sourceTree = "<group>";
		};
		607FACD31AFB9204008FA782 /* Supporting Files */ = {
			isa = PBXGroup;
			children = (
				607FACD41AFB9204008FA782 /* Info.plist */,
			);
			name = "Supporting Files";
			sourceTree = "<group>";
		};
		BE0DBDA585C11D4D85A69730 /* Frameworks */ = {
			isa = PBXGroup;
			children = (
				4FBE22E96276CC982359605F /* Pods_SwiftAdditions_Example.framework */,
				B74C47468BA71D4FC79CA52B /* Pods_SwiftAdditions_Tests.framework */,
			);
			name = Frameworks;
			sourceTree = "<group>";
		};
		FBE5AACC29A3C269002AC234 /* Tasks */ = {
			isa = PBXGroup;
			children = (
				FB1A3D612C3693A200B7AF21 /* DependentTask.swift */,
				FB1A3D632C3693A200B7AF21 /* SomeLongRunningTask.swift */,
				FB1A3D622C3693A200B7AF21 /* SyncTask.swift */,
				FBE5AACD29A3C269002AC234 /* WindowSetupTask.swift */,
				FBE5AACF29A3C269002AC234 /* OnboardingTask.swift */,
				FBE5AAD029A3C269002AC234 /* PermissionTask.swift */,
				FBE5AAD129A3C269002AC234 /* MainUISetupTask.swift */,
			);
			path = Tasks;
			sourceTree = "<group>";
		};
		FBE5AAEC29A4BE97002AC234 /* SwiftAdditions_ExampleTests */ = {
			isa = PBXGroup;
			children = (
				FB19D05D2C0E6C2C00F81315 /* PrinterTests.swift */,
				FB19D05C2C0E6C2C00F81315 /* StoragePolicyTests.swift */,
			);
			path = SwiftAdditions_ExampleTests;
			sourceTree = "<group>";
		};
		FBE5AB4B29A4CAF5002AC234 /* Packages */ = {
			isa = PBXGroup;
			children = (
				FBE5AB4C29A4CAF5002AC234 /* SwiftAdditions */,
			);
			name = Packages;
			sourceTree = "<group>";
		};
/* End PBXGroup section */

/* Begin PBXNativeTarget section */
		607FACCF1AFB9204008FA782 /* SwiftAdditions_Example */ = {
			isa = PBXNativeTarget;
			buildConfigurationList = 607FACEF1AFB9204008FA782 /* Build configuration list for PBXNativeTarget "SwiftAdditions_Example" */;
			buildPhases = (
				607FACCC1AFB9204008FA782 /* Sources */,
				607FACCD1AFB9204008FA782 /* Frameworks */,
				607FACCE1AFB9204008FA782 /* Resources */,
			);
			buildRules = (
			);
			dependencies = (
			);
			name = SwiftAdditions_Example;
			packageProductDependencies = (
				FBE5AAE529A4BBA1002AC234 /* Additions */,
			);
			productName = SwiftAdditions;
			productReference = 607FACD01AFB9204008FA782 /* SwiftAdditions_Example.app */;
			productType = "com.apple.product-type.application";
		};
		FBE5AAEA29A4BE97002AC234 /* SwiftAdditions_ExampleTests */ = {
			isa = PBXNativeTarget;
			buildConfigurationList = FBE5AAF129A4BE97002AC234 /* Build configuration list for PBXNativeTarget "SwiftAdditions_ExampleTests" */;
			buildPhases = (
				FBE5AAE729A4BE97002AC234 /* Sources */,
				FBE5AAE829A4BE97002AC234 /* Frameworks */,
				FBE5AAE929A4BE97002AC234 /* Resources */,
			);
			buildRules = (
			);
			dependencies = (
				FBE5AAF029A4BE97002AC234 /* PBXTargetDependency */,
			);
			name = SwiftAdditions_ExampleTests;
			productName = SwiftAdditions_ExampleTests;
			productReference = FBE5AAEB29A4BE97002AC234 /* SwiftAdditions_ExampleTests.xctest */;
			productType = "com.apple.product-type.bundle.unit-test";
		};
/* End PBXNativeTarget section */

/* Begin PBXProject section */
		607FACC81AFB9204008FA782 /* Project object */ = {
			isa = PBXProject;
			attributes = {
				LastSwiftUpdateCheck = 1400;
				LastUpgradeCheck = 1400;
				ORGANIZATIONNAME = CocoaPods;
				TargetAttributes = {
					607FACCF1AFB9204008FA782 = {
						CreatedOnToolsVersion = 6.3.1;
						LastSwiftMigration = "";
					};
					FBE5AAEA29A4BE97002AC234 = {
						CreatedOnToolsVersion = 14.0;
						LastSwiftMigration = 1530;
						TestTargetID = 607FACCF1AFB9204008FA782;
					};
				};
			};
			buildConfigurationList = 607FACCB1AFB9204008FA782 /* Build configuration list for PBXProject "SwiftAdditions" */;
			compatibilityVersion = "Xcode 3.2";
			developmentRegion = en;
			hasScannedForEncodings = 0;
			knownRegions = (
				en,
				Base,
			);
			mainGroup = 607FACC71AFB9204008FA782;
			productRefGroup = 607FACD11AFB9204008FA782 /* Products */;
			projectDirPath = "";
			projectRoot = "";
			targets = (
				607FACCF1AFB9204008FA782 /* SwiftAdditions_Example */,
				FBE5AAEA29A4BE97002AC234 /* SwiftAdditions_ExampleTests */,
			);
		};
/* End PBXProject section */

/* Begin PBXResourcesBuildPhase section */
		607FACCE1AFB9204008FA782 /* Resources */ = {
			isa = PBXResourcesBuildPhase;
			buildActionMask = 2147483647;
			files = (
				607FACDD1AFB9204008FA782 /* Images.xcassets in Resources */,
			);
			runOnlyForDeploymentPostprocessing = 0;
		};
		FBE5AAE929A4BE97002AC234 /* Resources */ = {
			isa = PBXResourcesBuildPhase;
			buildActionMask = 2147483647;
			files = (
			);
			runOnlyForDeploymentPostprocessing = 0;
		};
/* End PBXResourcesBuildPhase section */

/* Begin PBXSourcesBuildPhase section */
		607FACCC1AFB9204008FA782 /* Sources */ = {
			isa = PBXSourcesBuildPhase;
			buildActionMask = 2147483647;
			files = (
				FB1A3D642C3693A200B7AF21 /* SomeLongRunningTask.swift in Sources */,
				FBE5AADD29A3C287002AC234 /* OnboardingScreen.swift in Sources */,
				FBE5AAD429A3C269002AC234 /* WindowSetupTask.swift in Sources */,
				607FACD81AFB9204008FA782 /* ViewController.swift in Sources */,
				FBE5AAD629A3C26A002AC234 /* OnboardingTask.swift in Sources */,
				FBE5AACA29A3C228002AC234 /* ExampleAppServices.swift in Sources */,
				FBE5AAE029A3C4DC002AC234 /* SceneDelegate.swift in Sources */,
				FBE5AAD729A3C26A002AC234 /* PermissionTask.swift in Sources */,
				FB1A3D652C3693A200B7AF21 /* DependentTask.swift in Sources */,
				607FACD61AFB9204008FA782 /* AppDelegate.swift in Sources */,
				FBE5AAD829A3C26A002AC234 /* MainUISetupTask.swift in Sources */,
				FBE5AADE29A3C287002AC234 /* PrinterView.swift in Sources */,
				FB1A3D662C3693A200B7AF21 /* SyncTask.swift in Sources */,
			);
			runOnlyForDeploymentPostprocessing = 0;
		};
		FBE5AAE729A4BE97002AC234 /* Sources */ = {
			isa = PBXSourcesBuildPhase;
			buildActionMask = 2147483647;
			files = (
				FB19D05F2C0E6C2C00F81315 /* PrinterTests.swift in Sources */,
				FB19D05E2C0E6C2C00F81315 /* StoragePolicyTests.swift in Sources */,
			);
			runOnlyForDeploymentPostprocessing = 0;
		};
/* End PBXSourcesBuildPhase section */

/* Begin PBXTargetDependency section */
		FBE5AAF029A4BE97002AC234 /* PBXTargetDependency */ = {
			isa = PBXTargetDependency;
			target = 607FACCF1AFB9204008FA782 /* SwiftAdditions_Example */;
			targetProxy = FBE5AAEF29A4BE97002AC234 /* PBXContainerItemProxy */;
		};
/* End PBXTargetDependency section */

/* Begin XCBuildConfiguration section */
		607FACED1AFB9204008FA782 /* Debug */ = {
			isa = XCBuildConfiguration;
			buildSettings = {
				ALWAYS_SEARCH_USER_PATHS = NO;
				CLANG_ANALYZER_LOCALIZABILITY_NONLOCALIZED = YES;
				CLANG_CXX_LANGUAGE_STANDARD = "gnu++0x";
				CLANG_CXX_LIBRARY = "libc++";
				CLANG_ENABLE_MODULES = YES;
				CLANG_ENABLE_OBJC_ARC = YES;
				CLANG_WARN_BLOCK_CAPTURE_AUTORELEASING = YES;
				CLANG_WARN_BOOL_CONVERSION = YES;
				CLANG_WARN_COMMA = YES;
				CLANG_WARN_CONSTANT_CONVERSION = YES;
				CLANG_WARN_DEPRECATED_OBJC_IMPLEMENTATIONS = YES;
				CLANG_WARN_DIRECT_OBJC_ISA_USAGE = YES_ERROR;
				CLANG_WARN_EMPTY_BODY = YES;
				CLANG_WARN_ENUM_CONVERSION = YES;
				CLANG_WARN_INFINITE_RECURSION = YES;
				CLANG_WARN_INT_CONVERSION = YES;
				CLANG_WARN_NON_LITERAL_NULL_CONVERSION = YES;
				CLANG_WARN_OBJC_IMPLICIT_RETAIN_SELF = YES;
				CLANG_WARN_OBJC_LITERAL_CONVERSION = YES;
				CLANG_WARN_OBJC_ROOT_CLASS = YES_ERROR;
				CLANG_WARN_QUOTED_INCLUDE_IN_FRAMEWORK_HEADER = YES;
				CLANG_WARN_RANGE_LOOP_ANALYSIS = YES;
				CLANG_WARN_STRICT_PROTOTYPES = YES;
				CLANG_WARN_SUSPICIOUS_MOVE = YES;
				CLANG_WARN_UNREACHABLE_CODE = YES;
				CLANG_WARN__DUPLICATE_METHOD_MATCH = YES;
				"CODE_SIGN_IDENTITY[sdk=iphoneos*]" = "iPhone Developer";
				COPY_PHASE_STRIP = NO;
				DEBUG_INFORMATION_FORMAT = "dwarf-with-dsym";
				ENABLE_STRICT_OBJC_MSGSEND = YES;
				ENABLE_TESTABILITY = YES;
				GCC_C_LANGUAGE_STANDARD = gnu99;
				GCC_DYNAMIC_NO_PIC = NO;
				GCC_NO_COMMON_BLOCKS = YES;
				GCC_OPTIMIZATION_LEVEL = 0;
				GCC_PREPROCESSOR_DEFINITIONS = (
					"DEBUG=1",
					"$(inherited)",
				);
				GCC_SYMBOLS_PRIVATE_EXTERN = NO;
				GCC_WARN_64_TO_32_BIT_CONVERSION = YES;
				GCC_WARN_ABOUT_RETURN_TYPE = YES_ERROR;
				GCC_WARN_UNDECLARED_SELECTOR = YES;
				GCC_WARN_UNINITIALIZED_AUTOS = YES_AGGRESSIVE;
				GCC_WARN_UNUSED_FUNCTION = YES;
				GCC_WARN_UNUSED_VARIABLE = YES;
				IPHONEOS_DEPLOYMENT_TARGET = 14.0;
				MTL_ENABLE_DEBUG_INFO = YES;
				ONLY_ACTIVE_ARCH = YES;
				SDKROOT = iphoneos;
				SWIFT_OPTIMIZATION_LEVEL = "-Onone";
			};
			name = Debug;
		};
		607FACEE1AFB9204008FA782 /* Release */ = {
			isa = XCBuildConfiguration;
			buildSettings = {
				ALWAYS_SEARCH_USER_PATHS = NO;
				CLANG_ANALYZER_LOCALIZABILITY_NONLOCALIZED = YES;
				CLANG_CXX_LANGUAGE_STANDARD = "gnu++0x";
				CLANG_CXX_LIBRARY = "libc++";
				CLANG_ENABLE_MODULES = YES;
				CLANG_ENABLE_OBJC_ARC = YES;
				CLANG_WARN_BLOCK_CAPTURE_AUTORELEASING = YES;
				CLANG_WARN_BOOL_CONVERSION = YES;
				CLANG_WARN_COMMA = YES;
				CLANG_WARN_CONSTANT_CONVERSION = YES;
				CLANG_WARN_DEPRECATED_OBJC_IMPLEMENTATIONS = YES;
				CLANG_WARN_DIRECT_OBJC_ISA_USAGE = YES_ERROR;
				CLANG_WARN_EMPTY_BODY = YES;
				CLANG_WARN_ENUM_CONVERSION = YES;
				CLANG_WARN_INFINITE_RECURSION = YES;
				CLANG_WARN_INT_CONVERSION = YES;
				CLANG_WARN_NON_LITERAL_NULL_CONVERSION = YES;
				CLANG_WARN_OBJC_IMPLICIT_RETAIN_SELF = YES;
				CLANG_WARN_OBJC_LITERAL_CONVERSION = YES;
				CLANG_WARN_OBJC_ROOT_CLASS = YES_ERROR;
				CLANG_WARN_QUOTED_INCLUDE_IN_FRAMEWORK_HEADER = YES;
				CLANG_WARN_RANGE_LOOP_ANALYSIS = YES;
				CLANG_WARN_STRICT_PROTOTYPES = YES;
				CLANG_WARN_SUSPICIOUS_MOVE = YES;
				CLANG_WARN_UNREACHABLE_CODE = YES;
				CLANG_WARN__DUPLICATE_METHOD_MATCH = YES;
				"CODE_SIGN_IDENTITY[sdk=iphoneos*]" = "iPhone Developer";
				COPY_PHASE_STRIP = NO;
				DEBUG_INFORMATION_FORMAT = "dwarf-with-dsym";
				ENABLE_NS_ASSERTIONS = NO;
				ENABLE_STRICT_OBJC_MSGSEND = YES;
				GCC_C_LANGUAGE_STANDARD = gnu99;
				GCC_NO_COMMON_BLOCKS = YES;
				GCC_WARN_64_TO_32_BIT_CONVERSION = YES;
				GCC_WARN_ABOUT_RETURN_TYPE = YES_ERROR;
				GCC_WARN_UNDECLARED_SELECTOR = YES;
				GCC_WARN_UNINITIALIZED_AUTOS = YES_AGGRESSIVE;
				GCC_WARN_UNUSED_FUNCTION = YES;
				GCC_WARN_UNUSED_VARIABLE = YES;
				IPHONEOS_DEPLOYMENT_TARGET = 14.0;
				MTL_ENABLE_DEBUG_INFO = NO;
				SDKROOT = iphoneos;
				SWIFT_COMPILATION_MODE = wholemodule;
				SWIFT_OPTIMIZATION_LEVEL = "-O";
				VALIDATE_PRODUCT = YES;
			};
			name = Release;
		};
		607FACF01AFB9204008FA782 /* Debug */ = {
			isa = XCBuildConfiguration;
			buildSettings = {
				ASSETCATALOG_COMPILER_APPICON_NAME = AppIcon;
				CODE_SIGN_STYLE = Manual;
				DEVELOPMENT_TEAM = "";
				INFOPLIST_FILE = SwiftAdditions/Info.plist;
				IPHONEOS_DEPLOYMENT_TARGET = 14.0;
				LD_RUNPATH_SEARCH_PATHS = (
					"$(inherited)",
					"@executable_path/Frameworks",
				);
				MODULE_NAME = ExampleApp;
				PRODUCT_BUNDLE_IDENTIFIER = "org.cocoapods.demo.$(PRODUCT_NAME:rfc1034identifier)";
				PRODUCT_NAME = "$(TARGET_NAME)";
				PROVISIONING_PROFILE_SPECIFIER = "";
				SWIFT_SWIFT3_OBJC_INFERENCE = Default;
				SWIFT_VERSION = 5.0;
			};
			name = Debug;
		};
		607FACF11AFB9204008FA782 /* Release */ = {
			isa = XCBuildConfiguration;
			buildSettings = {
				ASSETCATALOG_COMPILER_APPICON_NAME = AppIcon;
				CODE_SIGN_STYLE = Manual;
				DEVELOPMENT_TEAM = "";
				INFOPLIST_FILE = SwiftAdditions/Info.plist;
				IPHONEOS_DEPLOYMENT_TARGET = 14.0;
				LD_RUNPATH_SEARCH_PATHS = (
					"$(inherited)",
					"@executable_path/Frameworks",
				);
				MODULE_NAME = ExampleApp;
				PRODUCT_BUNDLE_IDENTIFIER = "org.cocoapods.demo.$(PRODUCT_NAME:rfc1034identifier)";
				PRODUCT_NAME = "$(TARGET_NAME)";
				PROVISIONING_PROFILE_SPECIFIER = "";
				SWIFT_SWIFT3_OBJC_INFERENCE = Default;
				SWIFT_VERSION = 5.0;
			};
			name = Release;
		};
		FBE5AAF229A4BE97002AC234 /* Debug */ = {
			isa = XCBuildConfiguration;
			buildSettings = {
				BUNDLE_LOADER = "$(TEST_HOST)";
				CLANG_ANALYZER_NONNULL = YES;
				CLANG_ANALYZER_NUMBER_OBJECT_CONVERSION = YES_AGGRESSIVE;
				CLANG_CXX_LANGUAGE_STANDARD = "gnu++20";
				CLANG_ENABLE_MODULES = YES;
				CLANG_ENABLE_OBJC_WEAK = YES;
				CLANG_WARN_DOCUMENTATION_COMMENTS = YES;
				CLANG_WARN_UNGUARDED_AVAILABILITY = YES_AGGRESSIVE;
				CODE_SIGN_STYLE = Automatic;
				CURRENT_PROJECT_VERSION = 1;
				DEBUG_INFORMATION_FORMAT = dwarf;
				DEVELOPMENT_TEAM = RCTL45N8E9;
				GCC_C_LANGUAGE_STANDARD = gnu11;
				GENERATE_INFOPLIST_FILE = YES;
				IPHONEOS_DEPLOYMENT_TARGET = 14.0;
				MARKETING_VERSION = 1.0;
				MTL_ENABLE_DEBUG_INFO = INCLUDE_SOURCE;
				MTL_FAST_MATH = YES;
				PRODUCT_BUNDLE_IDENTIFIER = "com.adevinta.SwiftAdditions-ExampleTests";
				PRODUCT_NAME = "$(TARGET_NAME)";
				SWIFT_ACTIVE_COMPILATION_CONDITIONS = DEBUG;
				SWIFT_EMIT_LOC_STRINGS = NO;
				SWIFT_OPTIMIZATION_LEVEL = "-Onone";
				SWIFT_VERSION = 5.0;
				TARGETED_DEVICE_FAMILY = "1,2";
				TEST_HOST = "$(BUILT_PRODUCTS_DIR)/SwiftAdditions_Example.app/$(BUNDLE_EXECUTABLE_FOLDER_PATH)/SwiftAdditions_Example";
			};
			name = Debug;
		};
		FBE5AAF329A4BE97002AC234 /* Release */ = {
			isa = XCBuildConfiguration;
			buildSettings = {
				BUNDLE_LOADER = "$(TEST_HOST)";
				CLANG_ANALYZER_NONNULL = YES;
				CLANG_ANALYZER_NUMBER_OBJECT_CONVERSION = YES_AGGRESSIVE;
				CLANG_CXX_LANGUAGE_STANDARD = "gnu++20";
				CLANG_ENABLE_MODULES = YES;
				CLANG_ENABLE_OBJC_WEAK = YES;
				CLANG_WARN_DOCUMENTATION_COMMENTS = YES;
				CLANG_WARN_UNGUARDED_AVAILABILITY = YES_AGGRESSIVE;
				CODE_SIGN_STYLE = Automatic;
				CURRENT_PROJECT_VERSION = 1;
				DEVELOPMENT_TEAM = RCTL45N8E9;
				GCC_C_LANGUAGE_STANDARD = gnu11;
				GENERATE_INFOPLIST_FILE = YES;
				IPHONEOS_DEPLOYMENT_TARGET = 14.0;
				MARKETING_VERSION = 1.0;
				MTL_FAST_MATH = YES;
				PRODUCT_BUNDLE_IDENTIFIER = "com.adevinta.SwiftAdditions-ExampleTests";
				PRODUCT_NAME = "$(TARGET_NAME)";
				SWIFT_EMIT_LOC_STRINGS = NO;
				SWIFT_VERSION = 5.0;
				TARGETED_DEVICE_FAMILY = "1,2";
				TEST_HOST = "$(BUILT_PRODUCTS_DIR)/SwiftAdditions_Example.app/$(BUNDLE_EXECUTABLE_FOLDER_PATH)/SwiftAdditions_Example";
			};
			name = Release;
		};
/* End XCBuildConfiguration section */

/* Begin XCConfigurationList section */
		607FACCB1AFB9204008FA782 /* Build configuration list for PBXProject "SwiftAdditions" */ = {
			isa = XCConfigurationList;
			buildConfigurations = (
				607FACED1AFB9204008FA782 /* Debug */,
				607FACEE1AFB9204008FA782 /* Release */,
			);
			defaultConfigurationIsVisible = 0;
			defaultConfigurationName = Release;
		};
		607FACEF1AFB9204008FA782 /* Build configuration list for PBXNativeTarget "SwiftAdditions_Example" */ = {
			isa = XCConfigurationList;
			buildConfigurations = (
				607FACF01AFB9204008FA782 /* Debug */,
				607FACF11AFB9204008FA782 /* Release */,
			);
			defaultConfigurationIsVisible = 0;
			defaultConfigurationName = Release;
		};
		FBE5AAF129A4BE97002AC234 /* Build configuration list for PBXNativeTarget "SwiftAdditions_ExampleTests" */ = {
			isa = XCConfigurationList;
			buildConfigurations = (
				FBE5AAF229A4BE97002AC234 /* Debug */,
				FBE5AAF329A4BE97002AC234 /* Release */,
			);
			defaultConfigurationIsVisible = 0;
			defaultConfigurationName = Release;
		};
/* End XCConfigurationList section */

/* Begin XCSwiftPackageProductDependency section */
		FBE5AAE529A4BBA1002AC234 /* Additions */ = {
			isa = XCSwiftPackageProductDependency;
			productName = Additions;
		};
/* End XCSwiftPackageProductDependency section */
	};
	rootObject = 607FACC81AFB9204008FA782 /* Project object */;
}
